
Microsoft Visual Studio Solution File, Format Version 12.00
# Visual Studio Version 17
VisualStudioVersion = 17.5.33627.172
MinimumVisualStudioVersion = 10.0.40219.1
Project("{FAE04EC0-301F-11D3-BF4B-00C04F79EFBC}") = "MontyHall", "MontyHall\MontyHall.csproj", "{BB59427D-6F57-4766-A205-28AA0DDF0EA4}"
EndProject
Project("{2150E333-8FDC-42A3-9474-1A3956D46DE8}") = "Solution Items", "Solution Items", "{5DBBF1B3-5717-4E9C-8DFA-5D80CB344213}"
	ProjectSection(SolutionItems) = preProject
		TextFile1.txt = TextFile1.txt
	EndProjectSection
EndProject
Global
	GlobalSection(SolutionConfigurationPlatforms) = preSolution
		Debug|Any CPU = Debug|Any CPU
		Release|Any CPU = Release|Any CPU
	EndGlobalSection
	GlobalSection(ProjectConfigurationPlatforms) = postSolution
		{BB59427D-6F57-4766-A205-28AA0DDF0EA4}.Debug|Any CPU.ActiveCfg = Debug|Any CPU
		{BB59427D-6F57-4766-A205-28AA0DDF0EA4}.Debug|Any CPU.Build.0 = Debug|Any CPU
		{BB59427D-6F57-4766-A205-28AA0DDF0EA4}.Release|Any CPU.ActiveCfg = Release|Any CPU
		{BB59427D-6F57-4766-A205-28AA0DDF0EA4}.Release|Any CPU.Build.0 = Release|Any CPU
	EndGlobalSection
	GlobalSection(SolutionProperties) = preSolution
		HideSolutionNode = FALSE
	EndGlobalSection
	GlobalSection(ExtensibilityGlobals) = postSolution
		SolutionGuid = {8ACAE447-E6F1-4ED8-86E2-1679C9E4B6C9}
	EndGlobalSection
EndGlobal
